
Microsoft Visual Studio Solution File, Format Version 12.00
# Visual Studio Version 17
VisualStudioVersion = 17.2.32526.322
MinimumVisualStudioVersion = 10.0.40219.1
Project("{FAE04EC0-301F-11D3-BF4B-00C04F79EFBC}") = "ViewStateDemo", "ViewStateDemo\ViewStateDemo.csproj", "{B2B1A764-8C51-42B8-89A6-DF6E8422FE9D}"
EndProject
Global
	GlobalSection(SolutionConfigurationPlatforms) = preSolution
		Debug|Any CPU = Debug|Any CPU
		Release|Any CPU = Release|Any CPU
	EndGlobalSection
	GlobalSection(ProjectConfigurationPlatforms) = postSolution
		{B2B1A764-8C51-42B8-89A6-DF6E8422FE9D}.Debug|Any CPU.ActiveCfg = Debug|Any CPU
		{B2B1A764-8C51-42B8-89A6-DF6E8422FE9D}.Debug|Any CPU.Build.0 = Debug|Any CPU
		{B2B1A764-8C51-42B8-89A6-DF6E8422FE9D}.Release|Any CPU.ActiveCfg = Release|Any CPU
		{B2B1A764-8C51-42B8-89A6-DF6E8422FE9D}.Release|Any CPU.Build.0 = Release|Any CPU
	EndGlobalSection
	GlobalSection(SolutionProperties) = preSolution
		HideSolutionNode = FALSE
	EndGlobalSection
	GlobalSection(ExtensibilityGlobals) = postSolution
		SolutionGuid = {E6A1A019-2AF7-4113-9ED1-A2A0B6CB3D28}
	EndGlobalSection
EndGlobal
